// !$*UTF8*$!
{
	archiveVersion = 1;
	classes = {
	};
	objectVersion = 56;
	objects = {

/* Begin PBXBuildFile section */
		EC03C5632A62773D00F16A53 /* ProfilePage.swift in Sources */ = {isa = PBXBuildFile; fileRef = EC03C5622A62773D00F16A53 /* ProfilePage.swift */; };
		EC03C5652A62777200F16A53 /* ProfileViewModel.swift in Sources */ = {isa = PBXBuildFile; fileRef = EC03C5642A62777200F16A53 /* ProfileViewModel.swift */; };
		EC03C5672A6277D700F16A53 /* ProfileEffector.swift in Sources */ = {isa = PBXBuildFile; fileRef = EC03C5662A6277D700F16A53 /* ProfileEffector.swift */; };
		EC03C5692A6277FC00F16A53 /* ProfileRouteBuilder.swift in Sources */ = {isa = PBXBuildFile; fileRef = EC03C5682A6277FC00F16A53 /* ProfileRouteBuilder.swift */; };
		EC6831152A600FA100C4E7C8 /* CastListPage.swift in Sources */ = {isa = PBXBuildFile; fileRef = EC6831142A600FA100C4E7C8 /* CastListPage.swift */; };
		EC6831172A600FE500C4E7C8 /* CastListViewModel.swift in Sources */ = {isa = PBXBuildFile; fileRef = EC6831162A600FE500C4E7C8 /* CastListViewModel.swift */; };
		EC6831192A6011B200C4E7C8 /* CastListEffector.swift in Sources */ = {isa = PBXBuildFile; fileRef = EC6831182A6011B200C4E7C8 /* CastListEffector.swift */; };
		EC68311B2A60131000C4E7C8 /* CastListRouteBuilder.swift in Sources */ = {isa = PBXBuildFile; fileRef = EC68311A2A60131000C4E7C8 /* CastListRouteBuilder.swift */; };
		EC73E7142A61108000801B49 /* DirectorPage.swift in Sources */ = {isa = PBXBuildFile; fileRef = EC73E7132A61108000801B49 /* DirectorPage.swift */; };
		EC73E7162A6110AD00801B49 /* DirectorPageViewModel.swift in Sources */ = {isa = PBXBuildFile; fileRef = EC73E7152A6110AD00801B49 /* DirectorPageViewModel.swift */; };
		EC73E7182A6110F200801B49 /* DirectorPageEffector.swift in Sources */ = {isa = PBXBuildFile; fileRef = EC73E7172A6110F200801B49 /* DirectorPageEffector.swift */; };
		EC73E71A2A61114000801B49 /* DirectorPageRouteBuilder.swift in Sources */ = {isa = PBXBuildFile; fileRef = EC73E7192A61114000801B49 /* DirectorPageRouteBuilder.swift */; };
		EC73E71D2A61241F00801B49 /* CustomListPage.swift in Sources */ = {isa = PBXBuildFile; fileRef = EC73E71C2A61241F00801B49 /* CustomListPage.swift */; };
		EC7606CC2A5E7AE200F732E9 /* Assets.xcassets in Resources */ = {isa = PBXBuildFile; fileRef = EC7606CB2A5E7AE200F732E9 /* Assets.xcassets */; };
		EC7606CF2A5E7AE200F732E9 /* Preview Assets.xcassets in Resources */ = {isa = PBXBuildFile; fileRef = EC7606CE2A5E7AE200F732E9 /* Preview Assets.xcassets */; };
		EC7606F72A5E86AE00F732E9 /* NavigatorType.swift in Sources */ = {isa = PBXBuildFile; fileRef = EC7606F62A5E86AE00F732E9 /* NavigatorType.swift */; };
		EC7606FA2A5E872900F732E9 /* RootNavigator.swift in Sources */ = {isa = PBXBuildFile; fileRef = EC7606F92A5E872900F732E9 /* RootNavigator.swift */; };
		EC7606FC2A5E879400F732E9 /* AppNavigator.swift in Sources */ = {isa = PBXBuildFile; fileRef = EC7606FB2A5E879400F732E9 /* AppNavigator.swift */; };
		EC7607022A5E889300F732E9 /* DIContainerType.swift in Sources */ = {isa = PBXBuildFile; fileRef = EC7607012A5E889300F732E9 /* DIContainerType.swift */; };
		EC7607042A5E88A800F732E9 /* AppDIContainer.swift in Sources */ = {isa = PBXBuildFile; fileRef = EC7607032A5E88A800F732E9 /* AppDIContainer.swift */; };
		EC7607062A5E893300F732E9 /* FeatureDIContainer.swift in Sources */ = {isa = PBXBuildFile; fileRef = EC7607052A5E893300F732E9 /* FeatureDIContainer.swift */; };
		EC7607082A5E896300F732E9 /* FeatureBuildType.swift in Sources */ = {isa = PBXBuildFile; fileRef = EC7607072A5E896300F732E9 /* FeatureBuildType.swift */; };
		EC76070A2A5E89BD00F732E9 /* UseCaseDIContainer.swift in Sources */ = {isa = PBXBuildFile; fileRef = EC7607092A5E89BD00F732E9 /* UseCaseDIContainer.swift */; };
		EC76070C2A5E89DC00F732E9 /* AppMain.swift in Sources */ = {isa = PBXBuildFile; fileRef = EC76070B2A5E89DC00F732E9 /* AppMain.swift */; };
		EC76070E2A5E89E400F732E9 /* AppDelegate.swift in Sources */ = {isa = PBXBuildFile; fileRef = EC76070D2A5E89E400F732E9 /* AppDelegate.swift */; };
		EC7607102A5E8A5B00F732E9 /* AppTabBarContainer.swift in Sources */ = {isa = PBXBuildFile; fileRef = EC76070F2A5E8A5B00F732E9 /* AppTabBarContainer.swift */; };
		EC7607132A5E8CF200F732E9 /* Link.swift in Sources */ = {isa = PBXBuildFile; fileRef = EC7607122A5E8CF200F732E9 /* Link.swift */; };
		EC7607172A5E8ED400F732E9 /* MovieListPage.swift in Sources */ = {isa = PBXBuildFile; fileRef = EC7607162A5E8ED400F732E9 /* MovieListPage.swift */; };
		EC7607192A5E8F0400F732E9 /* MovieListViewModel.swift in Sources */ = {isa = PBXBuildFile; fileRef = EC7607182A5E8F0400F732E9 /* MovieListViewModel.swift */; };
		EC76071B2A5E8FB000F732E9 /* MovieListEffector.swift in Sources */ = {isa = PBXBuildFile; fileRef = EC76071A2A5E8FB000F732E9 /* MovieListEffector.swift */; };
		EC76071D2A5E919800F732E9 /* MovieListRouteBuilder.swift in Sources */ = {isa = PBXBuildFile; fileRef = EC76071C2A5E919800F732E9 /* MovieListRouteBuilder.swift */; };
		EC7607212A5E923B00F732E9 /* DiscoverListPage.swift in Sources */ = {isa = PBXBuildFile; fileRef = EC7607202A5E923B00F732E9 /* DiscoverListPage.swift */; };
		EC7607232A5E926F00F732E9 /* DiscoverListViewModel.swift in Sources */ = {isa = PBXBuildFile; fileRef = EC7607222A5E926F00F732E9 /* DiscoverListViewModel.swift */; };
		EC7607252A5E930900F732E9 /* DiscoverListEffector.swift in Sources */ = {isa = PBXBuildFile; fileRef = EC7607242A5E930900F732E9 /* DiscoverListEffector.swift */; };
		EC7607272A5E939200F732E9 /* DiscoverListRouteBuilder.swift in Sources */ = {isa = PBXBuildFile; fileRef = EC7607262A5E939200F732E9 /* DiscoverListRouteBuilder.swift */; };
		ECA2CF2B2A5EC73B006A9BEF /* FanClubListPage.swift in Sources */ = {isa = PBXBuildFile; fileRef = ECA2CF2A2A5EC73B006A9BEF /* FanClubListPage.swift */; };
		ECA2CF2D2A5EC7B4006A9BEF /* FanClubListViewModel.swift in Sources */ = {isa = PBXBuildFile; fileRef = ECA2CF2C2A5EC7B4006A9BEF /* FanClubListViewModel.swift */; };
		ECA2CF2F2A5EC969006A9BEF /* FanClubListEffector.swift in Sources */ = {isa = PBXBuildFile; fileRef = ECA2CF2E2A5EC969006A9BEF /* FanClubListEffector.swift */; };
		ECA2CF312A5ECD05006A9BEF /* FanClubListRouteBuilder.swift in Sources */ = {isa = PBXBuildFile; fileRef = ECA2CF302A5ECD05006A9BEF /* FanClubListRouteBuilder.swift */; };
		ECA2CF332A5ECFDF006A9BEF /* MyListsListPage.swift in Sources */ = {isa = PBXBuildFile; fileRef = ECA2CF322A5ECFDF006A9BEF /* MyListsListPage.swift */; };
		ECA2CF352A5ED036006A9BEF /* MyListsListViewModel.swift in Sources */ = {isa = PBXBuildFile; fileRef = ECA2CF342A5ED036006A9BEF /* MyListsListViewModel.swift */; };
		ECA2CF372A5ED2F1006A9BEF /* MyListsListEffector.swift in Sources */ = {isa = PBXBuildFile; fileRef = ECA2CF362A5ED2F1006A9BEF /* MyListsListEffector.swift */; };
		ECA2CF392A5ED44F006A9BEF /* MyListsListRouteBuilder.swift in Sources */ = {isa = PBXBuildFile; fileRef = ECA2CF382A5ED44F006A9BEF /* MyListsListRouteBuilder.swift */; };
		ECA995F92A5FF5AD006C7F57 /* ReviewsPage.swift in Sources */ = {isa = PBXBuildFile; fileRef = ECA995F82A5FF5AD006C7F57 /* ReviewsPage.swift */; };
		ECA995FB2A5FF653006C7F57 /* ReviewsViewModel.swift in Sources */ = {isa = PBXBuildFile; fileRef = ECA995FA2A5FF653006C7F57 /* ReviewsViewModel.swift */; };
		ECA995FD2A5FF6E8006C7F57 /* ReviewsEffector.swift in Sources */ = {isa = PBXBuildFile; fileRef = ECA995FC2A5FF6E8006C7F57 /* ReviewsEffector.swift */; };
		ECA995FF2A5FF702006C7F57 /* ReviewsRouteBuilder.swift in Sources */ = {isa = PBXBuildFile; fileRef = ECA995FE2A5FF702006C7F57 /* ReviewsRouteBuilder.swift */; };
		ECD2C1342A5FCDDF00B49C99 /* MovieListDetailPage.swift in Sources */ = {isa = PBXBuildFile; fileRef = ECD2C1332A5FCDDF00B49C99 /* MovieListDetailPage.swift */; };
		ECD2C1362A5FD1C800B49C99 /* MovieListDetailPageViewModel.swift in Sources */ = {isa = PBXBuildFile; fileRef = ECD2C1352A5FD1C800B49C99 /* MovieListDetailPageViewModel.swift */; };
		ECD2C1382A5FD27E00B49C99 /* MovieListDetailPageEffector.swift in Sources */ = {isa = PBXBuildFile; fileRef = ECD2C1372A5FD27E00B49C99 /* MovieListDetailPageEffector.swift */; };
		ECD2C13A2A5FD30B00B49C99 /* MovieListDetailPageRouteBuilder.swift in Sources */ = {isa = PBXBuildFile; fileRef = ECD2C1392A5FD30B00B49C99 /* MovieListDetailPageRouteBuilder.swift */; };
/* End PBXBuildFile section */

/* Begin PBXFileReference section */
		EC03C5622A62773D00F16A53 /* ProfilePage.swift */ = {isa = PBXFileReference; lastKnownFileType = sourcecode.swift; path = ProfilePage.swift; sourceTree = "<group>"; };
		EC03C5642A62777200F16A53 /* ProfileViewModel.swift */ = {isa = PBXFileReference; lastKnownFileType = sourcecode.swift; path = ProfileViewModel.swift; sourceTree = "<group>"; };
		EC03C5662A6277D700F16A53 /* ProfileEffector.swift */ = {isa = PBXFileReference; lastKnownFileType = sourcecode.swift; path = ProfileEffector.swift; sourceTree = "<group>"; };
		EC03C5682A6277FC00F16A53 /* ProfileRouteBuilder.swift */ = {isa = PBXFileReference; lastKnownFileType = sourcecode.swift; path = ProfileRouteBuilder.swift; sourceTree = "<group>"; };
		EC6831142A600FA100C4E7C8 /* CastListPage.swift */ = {isa = PBXFileReference; lastKnownFileType = sourcecode.swift; path = CastListPage.swift; sourceTree = "<group>"; };
		EC6831162A600FE500C4E7C8 /* CastListViewModel.swift */ = {isa = PBXFileReference; lastKnownFileType = sourcecode.swift; path = CastListViewModel.swift; sourceTree = "<group>"; };
		EC6831182A6011B200C4E7C8 /* CastListEffector.swift */ = {isa = PBXFileReference; lastKnownFileType = sourcecode.swift; path = CastListEffector.swift; sourceTree = "<group>"; };
		EC68311A2A60131000C4E7C8 /* CastListRouteBuilder.swift */ = {isa = PBXFileReference; lastKnownFileType = sourcecode.swift; path = CastListRouteBuilder.swift; sourceTree = "<group>"; };
		EC73E7132A61108000801B49 /* DirectorPage.swift */ = {isa = PBXFileReference; lastKnownFileType = sourcecode.swift; path = DirectorPage.swift; sourceTree = "<group>"; };
		EC73E7152A6110AD00801B49 /* DirectorPageViewModel.swift */ = {isa = PBXFileReference; lastKnownFileType = sourcecode.swift; path = DirectorPageViewModel.swift; sourceTree = "<group>"; };
		EC73E7172A6110F200801B49 /* DirectorPageEffector.swift */ = {isa = PBXFileReference; lastKnownFileType = sourcecode.swift; path = DirectorPageEffector.swift; sourceTree = "<group>"; };
		EC73E7192A61114000801B49 /* DirectorPageRouteBuilder.swift */ = {isa = PBXFileReference; lastKnownFileType = sourcecode.swift; path = DirectorPageRouteBuilder.swift; sourceTree = "<group>"; };
		EC73E71C2A61241F00801B49 /* CustomListPage.swift */ = {isa = PBXFileReference; lastKnownFileType = sourcecode.swift; path = CustomListPage.swift; sourceTree = "<group>"; };
		EC7606C42A5E7ADF00F732E9 /* Movie.app */ = {isa = PBXFileReference; explicitFileType = wrapper.application; includeInIndex = 0; path = Movie.app; sourceTree = BUILT_PRODUCTS_DIR; };
		EC7606CB2A5E7AE200F732E9 /* Assets.xcassets */ = {isa = PBXFileReference; lastKnownFileType = folder.assetcatalog; path = Assets.xcassets; sourceTree = "<group>"; };
		EC7606CE2A5E7AE200F732E9 /* Preview Assets.xcassets */ = {isa = PBXFileReference; lastKnownFileType = folder.assetcatalog; path = "Preview Assets.xcassets"; sourceTree = "<group>"; };
		EC7606F62A5E86AE00F732E9 /* NavigatorType.swift */ = {isa = PBXFileReference; lastKnownFileType = sourcecode.swift; path = NavigatorType.swift; sourceTree = "<group>"; };
		EC7606F92A5E872900F732E9 /* RootNavigator.swift */ = {isa = PBXFileReference; lastKnownFileType = sourcecode.swift; path = RootNavigator.swift; sourceTree = "<group>"; };
		EC7606FB2A5E879400F732E9 /* AppNavigator.swift */ = {isa = PBXFileReference; lastKnownFileType = sourcecode.swift; path = AppNavigator.swift; sourceTree = "<group>"; };
		EC7607012A5E889300F732E9 /* DIContainerType.swift */ = {isa = PBXFileReference; lastKnownFileType = sourcecode.swift; path = DIContainerType.swift; sourceTree = "<group>"; };
		EC7607032A5E88A800F732E9 /* AppDIContainer.swift */ = {isa = PBXFileReference; lastKnownFileType = sourcecode.swift; path = AppDIContainer.swift; sourceTree = "<group>"; };
		EC7607052A5E893300F732E9 /* FeatureDIContainer.swift */ = {isa = PBXFileReference; lastKnownFileType = sourcecode.swift; path = FeatureDIContainer.swift; sourceTree = "<group>"; };
		EC7607072A5E896300F732E9 /* FeatureBuildType.swift */ = {isa = PBXFileReference; lastKnownFileType = sourcecode.swift; path = FeatureBuildType.swift; sourceTree = "<group>"; };
		EC7607092A5E89BD00F732E9 /* UseCaseDIContainer.swift */ = {isa = PBXFileReference; lastKnownFileType = sourcecode.swift; path = UseCaseDIContainer.swift; sourceTree = "<group>"; };
		EC76070B2A5E89DC00F732E9 /* AppMain.swift */ = {isa = PBXFileReference; lastKnownFileType = sourcecode.swift; path = AppMain.swift; sourceTree = "<group>"; };
		EC76070D2A5E89E400F732E9 /* AppDelegate.swift */ = {isa = PBXFileReference; lastKnownFileType = sourcecode.swift; path = AppDelegate.swift; sourceTree = "<group>"; };
		EC76070F2A5E8A5B00F732E9 /* AppTabBarContainer.swift */ = {isa = PBXFileReference; lastKnownFileType = sourcecode.swift; path = AppTabBarContainer.swift; sourceTree = "<group>"; };
		EC7607122A5E8CF200F732E9 /* Link.swift */ = {isa = PBXFileReference; lastKnownFileType = sourcecode.swift; path = Link.swift; sourceTree = "<group>"; };
		EC7607162A5E8ED400F732E9 /* MovieListPage.swift */ = {isa = PBXFileReference; lastKnownFileType = sourcecode.swift; path = MovieListPage.swift; sourceTree = "<group>"; };
		EC7607182A5E8F0400F732E9 /* MovieListViewModel.swift */ = {isa = PBXFileReference; lastKnownFileType = sourcecode.swift; path = MovieListViewModel.swift; sourceTree = "<group>"; };
		EC76071A2A5E8FB000F732E9 /* MovieListEffector.swift */ = {isa = PBXFileReference; lastKnownFileType = sourcecode.swift; path = MovieListEffector.swift; sourceTree = "<group>"; };
		EC76071C2A5E919800F732E9 /* MovieListRouteBuilder.swift */ = {isa = PBXFileReference; lastKnownFileType = sourcecode.swift; path = MovieListRouteBuilder.swift; sourceTree = "<group>"; };
		EC7607202A5E923B00F732E9 /* DiscoverListPage.swift */ = {isa = PBXFileReference; lastKnownFileType = sourcecode.swift; path = DiscoverListPage.swift; sourceTree = "<group>"; };
		EC7607222A5E926F00F732E9 /* DiscoverListViewModel.swift */ = {isa = PBXFileReference; lastKnownFileType = sourcecode.swift; path = DiscoverListViewModel.swift; sourceTree = "<group>"; };
		EC7607242A5E930900F732E9 /* DiscoverListEffector.swift */ = {isa = PBXFileReference; lastKnownFileType = sourcecode.swift; path = DiscoverListEffector.swift; sourceTree = "<group>"; };
		EC7607262A5E939200F732E9 /* DiscoverListRouteBuilder.swift */ = {isa = PBXFileReference; lastKnownFileType = sourcecode.swift; path = DiscoverListRouteBuilder.swift; sourceTree = "<group>"; };
		ECA2CF2A2A5EC73B006A9BEF /* FanClubListPage.swift */ = {isa = PBXFileReference; lastKnownFileType = sourcecode.swift; path = FanClubListPage.swift; sourceTree = "<group>"; };
		ECA2CF2C2A5EC7B4006A9BEF /* FanClubListViewModel.swift */ = {isa = PBXFileReference; lastKnownFileType = sourcecode.swift; path = FanClubListViewModel.swift; sourceTree = "<group>"; };
		ECA2CF2E2A5EC969006A9BEF /* FanClubListEffector.swift */ = {isa = PBXFileReference; lastKnownFileType = sourcecode.swift; path = FanClubListEffector.swift; sourceTree = "<group>"; };
		ECA2CF302A5ECD05006A9BEF /* FanClubListRouteBuilder.swift */ = {isa = PBXFileReference; lastKnownFileType = sourcecode.swift; path = FanClubListRouteBuilder.swift; sourceTree = "<group>"; };
		ECA2CF322A5ECFDF006A9BEF /* MyListsListPage.swift */ = {isa = PBXFileReference; lastKnownFileType = sourcecode.swift; path = MyListsListPage.swift; sourceTree = "<group>"; };
		ECA2CF342A5ED036006A9BEF /* MyListsListViewModel.swift */ = {isa = PBXFileReference; lastKnownFileType = sourcecode.swift; path = MyListsListViewModel.swift; sourceTree = "<group>"; };
		ECA2CF362A5ED2F1006A9BEF /* MyListsListEffector.swift */ = {isa = PBXFileReference; lastKnownFileType = sourcecode.swift; path = MyListsListEffector.swift; sourceTree = "<group>"; };
		ECA2CF382A5ED44F006A9BEF /* MyListsListRouteBuilder.swift */ = {isa = PBXFileReference; lastKnownFileType = sourcecode.swift; path = MyListsListRouteBuilder.swift; sourceTree = "<group>"; };
		ECA995F82A5FF5AD006C7F57 /* ReviewsPage.swift */ = {isa = PBXFileReference; lastKnownFileType = sourcecode.swift; path = ReviewsPage.swift; sourceTree = "<group>"; };
		ECA995FA2A5FF653006C7F57 /* ReviewsViewModel.swift */ = {isa = PBXFileReference; lastKnownFileType = sourcecode.swift; path = ReviewsViewModel.swift; sourceTree = "<group>"; };
		ECA995FC2A5FF6E8006C7F57 /* ReviewsEffector.swift */ = {isa = PBXFileReference; lastKnownFileType = sourcecode.swift; path = ReviewsEffector.swift; sourceTree = "<group>"; };
		ECA995FE2A5FF702006C7F57 /* ReviewsRouteBuilder.swift */ = {isa = PBXFileReference; lastKnownFileType = sourcecode.swift; path = ReviewsRouteBuilder.swift; sourceTree = "<group>"; };
		ECD2C1332A5FCDDF00B49C99 /* MovieListDetailPage.swift */ = {isa = PBXFileReference; lastKnownFileType = sourcecode.swift; path = MovieListDetailPage.swift; sourceTree = "<group>"; };
		ECD2C1352A5FD1C800B49C99 /* MovieListDetailPageViewModel.swift */ = {isa = PBXFileReference; lastKnownFileType = sourcecode.swift; path = MovieListDetailPageViewModel.swift; sourceTree = "<group>"; };
		ECD2C1372A5FD27E00B49C99 /* MovieListDetailPageEffector.swift */ = {isa = PBXFileReference; lastKnownFileType = sourcecode.swift; path = MovieListDetailPageEffector.swift; sourceTree = "<group>"; };
		ECD2C1392A5FD30B00B49C99 /* MovieListDetailPageRouteBuilder.swift */ = {isa = PBXFileReference; lastKnownFileType = sourcecode.swift; path = MovieListDetailPageRouteBuilder.swift; sourceTree = "<group>"; };
/* End PBXFileReference section */

/* Begin PBXFrameworksBuildPhase section */
		EC7606C12A5E7ADF00F732E9 /* Frameworks */ = {
			isa = PBXFrameworksBuildPhase;
			buildActionMask = 2147483647;
			files = (
			);
			runOnlyForDeploymentPostprocessing = 0;
		};
/* End PBXFrameworksBuildPhase section */

/* Begin PBXGroup section */
		EC03C5612A62773000F16A53 /* Profile */ = {
			isa = PBXGroup;
			children = (
				EC03C5622A62773D00F16A53 /* ProfilePage.swift */,
				EC03C5642A62777200F16A53 /* ProfileViewModel.swift */,
				EC03C5662A6277D700F16A53 /* ProfileEffector.swift */,
				EC03C5682A6277FC00F16A53 /* ProfileRouteBuilder.swift */,
			);
			path = Profile;
			sourceTree = "<group>";
		};
		EC6831132A600F8B00C4E7C8 /* CastList */ = {
			isa = PBXGroup;
			children = (
				EC6831142A600FA100C4E7C8 /* CastListPage.swift */,
				EC6831162A600FE500C4E7C8 /* CastListViewModel.swift */,
				EC6831182A6011B200C4E7C8 /* CastListEffector.swift */,
				EC68311A2A60131000C4E7C8 /* CastListRouteBuilder.swift */,
			);
			path = CastList;
			sourceTree = "<group>";
		};
		EC73E7122A61106A00801B49 /* Director */ = {
			isa = PBXGroup;
			children = (
				EC73E7132A61108000801B49 /* DirectorPage.swift */,
				EC73E7152A6110AD00801B49 /* DirectorPageViewModel.swift */,
				EC73E7172A6110F200801B49 /* DirectorPageEffector.swift */,
				EC73E7192A61114000801B49 /* DirectorPageRouteBuilder.swift */,
			);
			path = Director;
			sourceTree = "<group>";
		};
		EC73E71B2A61240A00801B49 /* MyListsDetail */ = {
			isa = PBXGroup;
			children = (
				EC73E71C2A61241F00801B49 /* CustomListPage.swift */,
			);
			path = MyListsDetail;
			sourceTree = "<group>";
		};
		EC7606BB2A5E7ADF00F732E9 = {
			isa = PBXGroup;
			children = (
				EC7606C62A5E7ADF00F732E9 /* Movie */,
				EC7606C52A5E7ADF00F732E9 /* Products */,
			);
			sourceTree = "<group>";
		};
		EC7606C52A5E7ADF00F732E9 /* Products */ = {
			isa = PBXGroup;
			children = (
				EC7606C42A5E7ADF00F732E9 /* Movie.app */,
			);
			name = Products;
			sourceTree = "<group>";
		};
		EC7606C62A5E7ADF00F732E9 /* Movie */ = {
			isa = PBXGroup;
			children = (
				EC7607142A5E8D1000F732E9 /* Architecture */,
				EC7607002A5E883600F732E9 /* Main */,
				EC7606FF2A5E883300F732E9 /* DI */,
				EC7606FE2A5E883000F732E9 /* Feature */,
				EC7606CB2A5E7AE200F732E9 /* Assets.xcassets */,
				EC7606CD2A5E7AE200F732E9 /* Preview Content */,
			);
			path = Movie;
			sourceTree = "<group>";
		};
		EC7606CD2A5E7AE200F732E9 /* Preview Content */ = {
			isa = PBXGroup;
			children = (
				EC7606CE2A5E7AE200F732E9 /* Preview Assets.xcassets */,
			);
			path = "Preview Content";
			sourceTree = "<group>";
		};
		EC7606F52A5E86A000F732E9 /* Navigator */ = {
			isa = PBXGroup;
			children = (
				EC7606F82A5E872000F732E9 /* Core */,
				EC7606F62A5E86AE00F732E9 /* NavigatorType.swift */,
				EC7607072A5E896300F732E9 /* FeatureBuildType.swift */,
				EC7607012A5E889300F732E9 /* DIContainerType.swift */,
			);
			path = Navigator;
			sourceTree = "<group>";
		};
		EC7606F82A5E872000F732E9 /* Core */ = {
			isa = PBXGroup;
			children = (
				EC7606F92A5E872900F732E9 /* RootNavigator.swift */,
				EC7606FB2A5E879400F732E9 /* AppNavigator.swift */,
			);
			path = Core;
			sourceTree = "<group>";
		};
		EC7606FE2A5E883000F732E9 /* Feature */ = {
			isa = PBXGroup;
			children = (
				ECA2CF292A5EC725006A9BEF /* MyListsList */,
				ECA2CF282A5EC707006A9BEF /* FanClubList */,
				EC76071F2A5E922E00F732E9 /* DiscoverList */,
				EC7607152A5E8EBB00F732E9 /* MovieList */,
			);
			path = Feature;
			sourceTree = "<group>";
		};
		EC7606FF2A5E883300F732E9 /* DI */ = {
			isa = PBXGroup;
			children = (
				EC7607032A5E88A800F732E9 /* AppDIContainer.swift */,
				EC7607052A5E893300F732E9 /* FeatureDIContainer.swift */,
				EC7607092A5E89BD00F732E9 /* UseCaseDIContainer.swift */,
			);
			path = DI;
			sourceTree = "<group>";
		};
		EC7607002A5E883600F732E9 /* Main */ = {
			isa = PBXGroup;
			children = (
				EC76070B2A5E89DC00F732E9 /* AppMain.swift */,
				EC76070D2A5E89E400F732E9 /* AppDelegate.swift */,
				EC76070F2A5E8A5B00F732E9 /* AppTabBarContainer.swift */,
			);
			path = Main;
			sourceTree = "<group>";
		};
		EC7607112A5E8CEA00F732E9 /* Link */ = {
			isa = PBXGroup;
			children = (
				EC7607122A5E8CF200F732E9 /* Link.swift */,
			);
			path = Link;
			sourceTree = "<group>";
		};
		EC7607142A5E8D1000F732E9 /* Architecture */ = {
			isa = PBXGroup;
			children = (
				EC7607112A5E8CEA00F732E9 /* Link */,
				EC7606F52A5E86A000F732E9 /* Navigator */,
			);
			path = Architecture;
			sourceTree = "<group>";
		};
		EC7607152A5E8EBB00F732E9 /* MovieList */ = {
			isa = PBXGroup;
			children = (
				EC73E7122A61106A00801B49 /* Director */,
				ECA995F72A5FF59A006C7F57 /* Reviews */,
				ECD2C1322A5FCD0F00B49C99 /* MovieListDetailPage */,
				EC6831132A600F8B00C4E7C8 /* CastList */,
				EC7607182A5E8F0400F732E9 /* MovieListViewModel.swift */,
				EC76071A2A5E8FB000F732E9 /* MovieListEffector.swift */,
				EC76071C2A5E919800F732E9 /* MovieListRouteBuilder.swift */,
				EC7607162A5E8ED400F732E9 /* MovieListPage.swift */,
			);
			path = MovieList;
			sourceTree = "<group>";
		};
		EC76071F2A5E922E00F732E9 /* DiscoverList */ = {
			isa = PBXGroup;
			children = (
				EC7607202A5E923B00F732E9 /* DiscoverListPage.swift */,
				EC7607222A5E926F00F732E9 /* DiscoverListViewModel.swift */,
				EC7607242A5E930900F732E9 /* DiscoverListEffector.swift */,
				EC7607262A5E939200F732E9 /* DiscoverListRouteBuilder.swift */,
			);
			path = DiscoverList;
			sourceTree = "<group>";
		};
		ECA2CF282A5EC707006A9BEF /* FanClubList */ = {
			isa = PBXGroup;
			children = (
				EC03C5612A62773000F16A53 /* Profile */,
				ECA2CF2A2A5EC73B006A9BEF /* FanClubListPage.swift */,
				ECA2CF2C2A5EC7B4006A9BEF /* FanClubListViewModel.swift */,
				ECA2CF2E2A5EC969006A9BEF /* FanClubListEffector.swift */,
				ECA2CF302A5ECD05006A9BEF /* FanClubListRouteBuilder.swift */,
			);
			path = FanClubList;
			sourceTree = "<group>";
		};
		ECA2CF292A5EC725006A9BEF /* MyListsList */ = {
			isa = PBXGroup;
			children = (
				EC73E71B2A61240A00801B49 /* MyListsDetail */,
				ECA2CF322A5ECFDF006A9BEF /* MyListsListPage.swift */,
				ECA2CF342A5ED036006A9BEF /* MyListsListViewModel.swift */,
				ECA2CF362A5ED2F1006A9BEF /* MyListsListEffector.swift */,
				ECA2CF382A5ED44F006A9BEF /* MyListsListRouteBuilder.swift */,
			);
			path = MyListsList;
			sourceTree = "<group>";
		};
		ECA995F72A5FF59A006C7F57 /* Reviews */ = {
			isa = PBXGroup;
			children = (
				ECA995F82A5FF5AD006C7F57 /* ReviewsPage.swift */,
				ECA995FA2A5FF653006C7F57 /* ReviewsViewModel.swift */,
				ECA995FC2A5FF6E8006C7F57 /* ReviewsEffector.swift */,
				ECA995FE2A5FF702006C7F57 /* ReviewsRouteBuilder.swift */,
			);
			path = Reviews;
			sourceTree = "<group>";
		};
		ECD2C1322A5FCD0F00B49C99 /* MovieListDetailPage */ = {
			isa = PBXGroup;
			children = (
				ECD2C1332A5FCDDF00B49C99 /* MovieListDetailPage.swift */,
				ECD2C1352A5FD1C800B49C99 /* MovieListDetailPageViewModel.swift */,
				ECD2C1372A5FD27E00B49C99 /* MovieListDetailPageEffector.swift */,
				ECD2C1392A5FD30B00B49C99 /* MovieListDetailPageRouteBuilder.swift */,
			);
			path = MovieListDetailPage;
			sourceTree = "<group>";
		};
/* End PBXGroup section */

/* Begin PBXNativeTarget section */
		EC7606C32A5E7ADF00F732E9 /* Movie */ = {
			isa = PBXNativeTarget;
			buildConfigurationList = EC7606D22A5E7AE200F732E9 /* Build configuration list for PBXNativeTarget "Movie" */;
			buildPhases = (
				EC7606C02A5E7ADF00F732E9 /* Sources */,
				EC7606C12A5E7ADF00F732E9 /* Frameworks */,
				EC7606C22A5E7ADF00F732E9 /* Resources */,
			);
			buildRules = (
			);
			dependencies = (
			);
			name = Movie;
			productName = Movie;
			productReference = EC7606C42A5E7ADF00F732E9 /* Movie.app */;
			productType = "com.apple.product-type.application";
		};
/* End PBXNativeTarget section */

/* Begin PBXProject section */
		EC7606BC2A5E7ADF00F732E9 /* Project object */ = {
			isa = PBXProject;
			attributes = {
				BuildIndependentTargetsInParallel = 1;
				LastSwiftUpdateCheck = 1430;
				LastUpgradeCheck = 1430;
				TargetAttributes = {
					EC7606C32A5E7ADF00F732E9 = {
						CreatedOnToolsVersion = 14.3.1;
						LastSwiftMigration = 1430;
					};
				};
			};
			buildConfigurationList = EC7606BF2A5E7ADF00F732E9 /* Build configuration list for PBXProject "Movie" */;
			compatibilityVersion = "Xcode 14.0";
			developmentRegion = en;
			hasScannedForEncodings = 0;
			knownRegions = (
				en,
				Base,
			);
			mainGroup = EC7606BB2A5E7ADF00F732E9;
			productRefGroup = EC7606C52A5E7ADF00F732E9 /* Products */;
			projectDirPath = "";
			projectRoot = "";
			targets = (
				EC7606C32A5E7ADF00F732E9 /* Movie */,
			);
		};
/* End PBXProject section */

/* Begin PBXResourcesBuildPhase section */
		EC7606C22A5E7ADF00F732E9 /* Resources */ = {
			isa = PBXResourcesBuildPhase;
			buildActionMask = 2147483647;
			files = (
				EC7606CF2A5E7AE200F732E9 /* Preview Assets.xcassets in Resources */,
				EC7606CC2A5E7AE200F732E9 /* Assets.xcassets in Resources */,
			);
			runOnlyForDeploymentPostprocessing = 0;
		};
/* End PBXResourcesBuildPhase section */

/* Begin PBXSourcesBuildPhase section */
		EC7606C02A5E7ADF00F732E9 /* Sources */ = {
			isa = PBXSourcesBuildPhase;
			buildActionMask = 2147483647;
			files = (
				EC7606F72A5E86AE00F732E9 /* NavigatorType.swift in Sources */,
				EC7607102A5E8A5B00F732E9 /* AppTabBarContainer.swift in Sources */,
				ECD2C13A2A5FD30B00B49C99 /* MovieListDetailPageRouteBuilder.swift in Sources */,
				ECA2CF2B2A5EC73B006A9BEF /* FanClubListPage.swift in Sources */,
				EC73E7142A61108000801B49 /* DirectorPage.swift in Sources */,
				ECA2CF372A5ED2F1006A9BEF /* MyListsListEffector.swift in Sources */,
				EC7607252A5E930900F732E9 /* DiscoverListEffector.swift in Sources */,
				EC7607212A5E923B00F732E9 /* DiscoverListPage.swift in Sources */,
				ECA2CF312A5ECD05006A9BEF /* FanClubListRouteBuilder.swift in Sources */,
				ECA2CF392A5ED44F006A9BEF /* MyListsListRouteBuilder.swift in Sources */,
				ECD2C1342A5FCDDF00B49C99 /* MovieListDetailPage.swift in Sources */,
				EC73E7182A6110F200801B49 /* DirectorPageEffector.swift in Sources */,
				ECA995FB2A5FF653006C7F57 /* ReviewsViewModel.swift in Sources */,
				EC7606FA2A5E872900F732E9 /* RootNavigator.swift in Sources */,
				EC7607192A5E8F0400F732E9 /* MovieListViewModel.swift in Sources */,
				EC7607132A5E8CF200F732E9 /* Link.swift in Sources */,
				EC6831152A600FA100C4E7C8 /* CastListPage.swift in Sources */,
				EC7607172A5E8ED400F732E9 /* MovieListPage.swift in Sources */,
				EC03C5632A62773D00F16A53 /* ProfilePage.swift in Sources */,
				EC7607042A5E88A800F732E9 /* AppDIContainer.swift in Sources */,
				ECA2CF2D2A5EC7B4006A9BEF /* FanClubListViewModel.swift in Sources */,
				EC73E71A2A61114000801B49 /* DirectorPageRouteBuilder.swift in Sources */,
				EC7607062A5E893300F732E9 /* FeatureDIContainer.swift in Sources */,
				EC7607272A5E939200F732E9 /* DiscoverListRouteBuilder.swift in Sources */,
				EC76071D2A5E919800F732E9 /* MovieListRouteBuilder.swift in Sources */,
				EC76070A2A5E89BD00F732E9 /* UseCaseDIContainer.swift in Sources */,
				ECA995F92A5FF5AD006C7F57 /* ReviewsPage.swift in Sources */,
				ECA995FD2A5FF6E8006C7F57 /* ReviewsEffector.swift in Sources */,
				ECA995FF2A5FF702006C7F57 /* ReviewsRouteBuilder.swift in Sources */,
				EC6831172A600FE500C4E7C8 /* CastListViewModel.swift in Sources */,
				EC73E71D2A61241F00801B49 /* CustomListPage.swift in Sources */,
				EC03C5672A6277D700F16A53 /* ProfileEffector.swift in Sources */,
				EC68311B2A60131000C4E7C8 /* CastListRouteBuilder.swift in Sources */,
				EC7607232A5E926F00F732E9 /* DiscoverListViewModel.swift in Sources */,
				ECA2CF332A5ECFDF006A9BEF /* MyListsListPage.swift in Sources */,
				EC03C5652A62777200F16A53 /* ProfileViewModel.swift in Sources */,
				ECD2C1362A5FD1C800B49C99 /* MovieListDetailPageViewModel.swift in Sources */,
				EC6831192A6011B200C4E7C8 /* CastListEffector.swift in Sources */,
				ECA2CF352A5ED036006A9BEF /* MyListsListViewModel.swift in Sources */,
				EC03C5692A6277FC00F16A53 /* ProfileRouteBuilder.swift in Sources */,
				EC7607082A5E896300F732E9 /* FeatureBuildType.swift in Sources */,
				EC7607022A5E889300F732E9 /* DIContainerType.swift in Sources */,
				ECD2C1382A5FD27E00B49C99 /* MovieListDetailPageEffector.swift in Sources */,
				EC76070C2A5E89DC00F732E9 /* AppMain.swift in Sources */,
				EC73E7162A6110AD00801B49 /* DirectorPageViewModel.swift in Sources */,
				EC76070E2A5E89E400F732E9 /* AppDelegate.swift in Sources */,
				EC76071B2A5E8FB000F732E9 /* MovieListEffector.swift in Sources */,
				EC7606FC2A5E879400F732E9 /* AppNavigator.swift in Sources */,
				ECA2CF2F2A5EC969006A9BEF /* FanClubListEffector.swift in Sources */,
			);
			runOnlyForDeploymentPostprocessing = 0;
		};
/* End PBXSourcesBuildPhase section */

/* Begin XCBuildConfiguration section */
		EC7606D02A5E7AE200F732E9 /* Debug */ = {
			isa = XCBuildConfiguration;
			buildSettings = {
				ALWAYS_SEARCH_USER_PATHS = NO;
				CLANG_ANALYZER_NONNULL = YES;
				CLANG_ANALYZER_NUMBER_OBJECT_CONVERSION = YES_AGGRESSIVE;
				CLANG_CXX_LANGUAGE_STANDARD = "gnu++20";
				CLANG_ENABLE_MODULES = YES;
				CLANG_ENABLE_OBJC_ARC = YES;
				CLANG_ENABLE_OBJC_WEAK = YES;
				CLANG_WARN_BLOCK_CAPTURE_AUTORELEASING = YES;
				CLANG_WARN_BOOL_CONVERSION = YES;
				CLANG_WARN_COMMA = YES;
				CLANG_WARN_CONSTANT_CONVERSION = YES;
				CLANG_WARN_DEPRECATED_OBJC_IMPLEMENTATIONS = YES;
				CLANG_WARN_DIRECT_OBJC_ISA_USAGE = YES_ERROR;
				CLANG_WARN_DOCUMENTATION_COMMENTS = YES;
				CLANG_WARN_EMPTY_BODY = YES;
				CLANG_WARN_ENUM_CONVERSION = YES;
				CLANG_WARN_INFINITE_RECURSION = YES;
				CLANG_WARN_INT_CONVERSION = YES;
				CLANG_WARN_NON_LITERAL_NULL_CONVERSION = YES;
				CLANG_WARN_OBJC_IMPLICIT_RETAIN_SELF = YES;
				CLANG_WARN_OBJC_LITERAL_CONVERSION = YES;
				CLANG_WARN_OBJC_ROOT_CLASS = YES_ERROR;
				CLANG_WARN_QUOTED_INCLUDE_IN_FRAMEWORK_HEADER = YES;
				CLANG_WARN_RANGE_LOOP_ANALYSIS = YES;
				CLANG_WARN_STRICT_PROTOTYPES = YES;
				CLANG_WARN_SUSPICIOUS_MOVE = YES;
				CLANG_WARN_UNGUARDED_AVAILABILITY = YES_AGGRESSIVE;
				CLANG_WARN_UNREACHABLE_CODE = YES;
				CLANG_WARN__DUPLICATE_METHOD_MATCH = YES;
				COPY_PHASE_STRIP = NO;
				DEBUG_INFORMATION_FORMAT = dwarf;
				ENABLE_STRICT_OBJC_MSGSEND = YES;
				ENABLE_TESTABILITY = YES;
				GCC_C_LANGUAGE_STANDARD = gnu11;
				GCC_DYNAMIC_NO_PIC = NO;
				GCC_NO_COMMON_BLOCKS = YES;
				GCC_OPTIMIZATION_LEVEL = 0;
				GCC_PREPROCESSOR_DEFINITIONS = (
					"DEBUG=1",
					"$(inherited)",
				);
				GCC_WARN_64_TO_32_BIT_CONVERSION = YES;
				GCC_WARN_ABOUT_RETURN_TYPE = YES_ERROR;
				GCC_WARN_UNDECLARED_SELECTOR = YES;
				GCC_WARN_UNINITIALIZED_AUTOS = YES_AGGRESSIVE;
				GCC_WARN_UNUSED_FUNCTION = YES;
				GCC_WARN_UNUSED_VARIABLE = YES;
				IPHONEOS_DEPLOYMENT_TARGET = 16.4;
				MTL_ENABLE_DEBUG_INFO = INCLUDE_SOURCE;
				MTL_FAST_MATH = YES;
				ONLY_ACTIVE_ARCH = YES;
				SDKROOT = iphoneos;
				SWIFT_ACTIVE_COMPILATION_CONDITIONS = DEBUG;
				SWIFT_OPTIMIZATION_LEVEL = "-Onone";
			};
			name = Debug;
		};
		EC7606D12A5E7AE200F732E9 /* Release */ = {
			isa = XCBuildConfiguration;
			buildSettings = {
				ALWAYS_SEARCH_USER_PATHS = NO;
				CLANG_ANALYZER_NONNULL = YES;
				CLANG_ANALYZER_NUMBER_OBJECT_CONVERSION = YES_AGGRESSIVE;
				CLANG_CXX_LANGUAGE_STANDARD = "gnu++20";
				CLANG_ENABLE_MODULES = YES;
				CLANG_ENABLE_OBJC_ARC = YES;
				CLANG_ENABLE_OBJC_WEAK = YES;
				CLANG_WARN_BLOCK_CAPTURE_AUTORELEASING = YES;
				CLANG_WARN_BOOL_CONVERSION = YES;
				CLANG_WARN_COMMA = YES;
				CLANG_WARN_CONSTANT_CONVERSION = YES;
				CLANG_WARN_DEPRECATED_OBJC_IMPLEMENTATIONS = YES;
				CLANG_WARN_DIRECT_OBJC_ISA_USAGE = YES_ERROR;
				CLANG_WARN_DOCUMENTATION_COMMENTS = YES;
				CLANG_WARN_EMPTY_BODY = YES;
				CLANG_WARN_ENUM_CONVERSION = YES;
				CLANG_WARN_INFINITE_RECURSION = YES;
				CLANG_WARN_INT_CONVERSION = YES;
				CLANG_WARN_NON_LITERAL_NULL_CONVERSION = YES;
				CLANG_WARN_OBJC_IMPLICIT_RETAIN_SELF = YES;
				CLANG_WARN_OBJC_LITERAL_CONVERSION = YES;
				CLANG_WARN_OBJC_ROOT_CLASS = YES_ERROR;
				CLANG_WARN_QUOTED_INCLUDE_IN_FRAMEWORK_HEADER = YES;
				CLANG_WARN_RANGE_LOOP_ANALYSIS = YES;
				CLANG_WARN_STRICT_PROTOTYPES = YES;
				CLANG_WARN_SUSPICIOUS_MOVE = YES;
				CLANG_WARN_UNGUARDED_AVAILABILITY = YES_AGGRESSIVE;
				CLANG_WARN_UNREACHABLE_CODE = YES;
				CLANG_WARN__DUPLICATE_METHOD_MATCH = YES;
				COPY_PHASE_STRIP = NO;
				DEBUG_INFORMATION_FORMAT = "dwarf-with-dsym";
				ENABLE_NS_ASSERTIONS = NO;
				ENABLE_STRICT_OBJC_MSGSEND = YES;
				GCC_C_LANGUAGE_STANDARD = gnu11;
				GCC_NO_COMMON_BLOCKS = YES;
				GCC_WARN_64_TO_32_BIT_CONVERSION = YES;
				GCC_WARN_ABOUT_RETURN_TYPE = YES_ERROR;
				GCC_WARN_UNDECLARED_SELECTOR = YES;
				GCC_WARN_UNINITIALIZED_AUTOS = YES_AGGRESSIVE;
				GCC_WARN_UNUSED_FUNCTION = YES;
				GCC_WARN_UNUSED_VARIABLE = YES;
				IPHONEOS_DEPLOYMENT_TARGET = 16.4;
				MTL_ENABLE_DEBUG_INFO = NO;
				MTL_FAST_MATH = YES;
				SDKROOT = iphoneos;
				SWIFT_COMPILATION_MODE = wholemodule;
				SWIFT_OPTIMIZATION_LEVEL = "-O";
				VALIDATE_PRODUCT = YES;
			};
			name = Release;
		};
		EC7606D32A5E7AE200F732E9 /* Debug */ = {
			isa = XCBuildConfiguration;
			buildSettings = {
				ASSETCATALOG_COMPILER_APPICON_NAME = AppIcon;
				ASSETCATALOG_COMPILER_GLOBAL_ACCENT_COLOR_NAME = AccentColor;
				CLANG_ENABLE_MODULES = YES;
				CODE_SIGN_STYLE = Automatic;
				CURRENT_PROJECT_VERSION = 1;
				DEVELOPMENT_ASSET_PATHS = "\"Movie/Preview Content\"";
				DEVELOPMENT_TEAM = D22ZM93S77;
				ENABLE_PREVIEWS = YES;
				GENERATE_INFOPLIST_FILE = YES;
				INFOPLIST_KEY_UIApplicationSceneManifest_Generation = YES;
				INFOPLIST_KEY_UIApplicationSupportsIndirectInputEvents = YES;
				INFOPLIST_KEY_UILaunchScreen_Generation = YES;
				INFOPLIST_KEY_UISupportedInterfaceOrientations_iPad = "UIInterfaceOrientationPortrait UIInterfaceOrientationPortraitUpsideDown UIInterfaceOrientationLandscapeLeft UIInterfaceOrientationLandscapeRight";
				INFOPLIST_KEY_UISupportedInterfaceOrientations_iPhone = "UIInterfaceOrientationPortrait UIInterfaceOrientationLandscapeLeft UIInterfaceOrientationLandscapeRight";
				LD_RUNPATH_SEARCH_PATHS = (
					"$(inherited)",
					"@executable_path/Frameworks",
				);
				MARKETING_VERSION = 1.0;
				PRODUCT_BUNDLE_IDENTIFIER = com.seungchan.Movie;
				PRODUCT_NAME = "$(TARGET_NAME)";
				SWIFT_EMIT_LOC_STRINGS = YES;
				SWIFT_OPTIMIZATION_LEVEL = "-Onone";
				SWIFT_VERSION = 5.0;
				TARGETED_DEVICE_FAMILY = "1,2";
			};
			name = Debug;
		};
		EC7606D42A5E7AE200F732E9 /* Release */ = {
			isa = XCBuildConfiguration;
			buildSettings = {
				ASSETCATALOG_COMPILER_APPICON_NAME = AppIcon;
				ASSETCATALOG_COMPILER_GLOBAL_ACCENT_COLOR_NAME = AccentColor;
				CLANG_ENABLE_MODULES = YES;
				CODE_SIGN_STYLE = Automatic;
				CURRENT_PROJECT_VERSION = 1;
				DEVELOPMENT_ASSET_PATHS = "\"Movie/Preview Content\"";
				DEVELOPMENT_TEAM = D22ZM93S77;
				ENABLE_PREVIEWS = YES;
				GENERATE_INFOPLIST_FILE = YES;
				INFOPLIST_KEY_UIApplicationSceneManifest_Generation = YES;
				INFOPLIST_KEY_UIApplicationSupportsIndirectInputEvents = YES;
				INFOPLIST_KEY_UILaunchScreen_Generation = YES;
				INFOPLIST_KEY_UISupportedInterfaceOrientations_iPad = "UIInterfaceOrientationPortrait UIInterfaceOrientationPortraitUpsideDown UIInterfaceOrientationLandscapeLeft UIInterfaceOrientationLandscapeRight";
				INFOPLIST_KEY_UISupportedInterfaceOrientations_iPhone = "UIInterfaceOrientationPortrait UIInterfaceOrientationLandscapeLeft UIInterfaceOrientationLandscapeRight";
				LD_RUNPATH_SEARCH_PATHS = (
					"$(inherited)",
					"@executable_path/Frameworks",
				);
				MARKETING_VERSION = 1.0;
				PRODUCT_BUNDLE_IDENTIFIER = com.seungchan.Movie;
				PRODUCT_NAME = "$(TARGET_NAME)";
				SWIFT_EMIT_LOC_STRINGS = YES;
				SWIFT_VERSION = 5.0;
				TARGETED_DEVICE_FAMILY = "1,2";
			};
			name = Release;
		};
/* End XCBuildConfiguration section */

/* Begin XCConfigurationList section */
		EC7606BF2A5E7ADF00F732E9 /* Build configuration list for PBXProject "Movie" */ = {
			isa = XCConfigurationList;
			buildConfigurations = (
				EC7606D02A5E7AE200F732E9 /* Debug */,
				EC7606D12A5E7AE200F732E9 /* Release */,
			);
			defaultConfigurationIsVisible = 0;
			defaultConfigurationName = Release;
		};
		EC7606D22A5E7AE200F732E9 /* Build configuration list for PBXNativeTarget "Movie" */ = {
			isa = XCConfigurationList;
			buildConfigurations = (
				EC7606D32A5E7AE200F732E9 /* Debug */,
				EC7606D42A5E7AE200F732E9 /* Release */,
			);
			defaultConfigurationIsVisible = 0;
			defaultConfigurationName = Release;
		};
/* End XCConfigurationList section */
	};
	rootObject = EC7606BC2A5E7ADF00F732E9 /* Project object */;
}
